// !$*UTF8*$!
{
	archiveVersion = 1;
	classes = {
	};
	objectVersion = 50;
	objects = {

/* Begin PBXBuildFile section */
		BAF46C8E20A588FE006CE8E8 /* AppDelegate.swift in Sources */ = {isa = PBXBuildFile; fileRef = BAF46C8D20A588FE006CE8E8 /* AppDelegate.swift */; };
		BAF46C9020A588FE006CE8E8 /* ViewController.swift in Sources */ = {isa = PBXBuildFile; fileRef = BAF46C8F20A588FE006CE8E8 /* ViewController.swift */; };
		BAF46C9220A588FF006CE8E8 /* Assets.xcassets in Resources */ = {isa = PBXBuildFile; fileRef = BAF46C9120A588FF006CE8E8 /* Assets.xcassets */; };
		BAF46C9520A588FF006CE8E8 /* Main.storyboard in Resources */ = {isa = PBXBuildFile; fileRef = BAF46C9320A588FF006CE8E8 /* Main.storyboard */; };
		BAF46CA120A588FF006CE8E8 /* artifyTests.swift in Sources */ = {isa = PBXBuildFile; fileRef = BAF46CA020A588FF006CE8E8 /* artifyTests.swift */; };
/* End PBXBuildFile section */

/* Begin PBXContainerItemProxy section */
		BAF46C9D20A588FF006CE8E8 /* PBXContainerItemProxy */ = {
			isa = PBXContainerItemProxy;
			containerPortal = BAF46C8220A588FD006CE8E8 /* Project object */;
			proxyType = 1;
			remoteGlobalIDString = BAF46C8920A588FD006CE8E8;
			remoteInfo = artify;
		};
/* End PBXContainerItemProxy section */

/* Begin PBXFileReference section */
		BAF46C8A20A588FD006CE8E8 /* artify.app */ = {isa = PBXFileReference; explicitFileType = wrapper.application; includeInIndex = 0; path = artify.app; sourceTree = BUILT_PRODUCTS_DIR; };
		BAF46C8D20A588FE006CE8E8 /* AppDelegate.swift */ = {isa = PBXFileReference; lastKnownFileType = sourcecode.swift; path = AppDelegate.swift; sourceTree = "<group>"; };
		BAF46C8F20A588FE006CE8E8 /* ViewController.swift */ = {isa = PBXFileReference; lastKnownFileType = sourcecode.swift; path = ViewController.swift; sourceTree = "<group>"; };
		BAF46C9120A588FF006CE8E8 /* Assets.xcassets */ = {isa = PBXFileReference; lastKnownFileType = folder.assetcatalog; path = Assets.xcassets; sourceTree = "<group>"; };
		BAF46C9420A588FF006CE8E8 /* Base */ = {isa = PBXFileReference; lastKnownFileType = file.storyboard; name = Base; path = Base.lproj/Main.storyboard; sourceTree = "<group>"; };
		BAF46C9620A588FF006CE8E8 /* Info.plist */ = {isa = PBXFileReference; lastKnownFileType = text.plist.xml; path = Info.plist; sourceTree = "<group>"; };
		BAF46C9720A588FF006CE8E8 /* artify.entitlements */ = {isa = PBXFileReference; lastKnownFileType = text.plist.entitlements; path = artify.entitlements; sourceTree = "<group>"; };
		BAF46C9C20A588FF006CE8E8 /* artifyTests.xctest */ = {isa = PBXFileReference; explicitFileType = wrapper.cfbundle; includeInIndex = 0; path = artifyTests.xctest; sourceTree = BUILT_PRODUCTS_DIR; };
		BAF46CA020A588FF006CE8E8 /* artifyTests.swift */ = {isa = PBXFileReference; lastKnownFileType = sourcecode.swift; path = artifyTests.swift; sourceTree = "<group>"; };
		BAF46CA220A588FF006CE8E8 /* Info.plist */ = {isa = PBXFileReference; lastKnownFileType = text.plist.xml; path = Info.plist; sourceTree = "<group>"; };
/* End PBXFileReference section */

/* Begin PBXFrameworksBuildPhase section */
		BAF46C8720A588FD006CE8E8 /* Frameworks */ = {
			isa = PBXFrameworksBuildPhase;
			buildActionMask = 2147483647;
			files = (
			);
			runOnlyForDeploymentPostprocessing = 0;
		};
		BAF46C9920A588FF006CE8E8 /* Frameworks */ = {
			isa = PBXFrameworksBuildPhase;
			buildActionMask = 2147483647;
			files = (
			);
			runOnlyForDeploymentPostprocessing = 0;
		};
/* End PBXFrameworksBuildPhase section */

/* Begin PBXGroup section */
		BAF46C8120A588FD006CE8E8 = {
			isa = PBXGroup;
			children = (
				BAF46C8C20A588FD006CE8E8 /* artify */,
				BAF46C9F20A588FF006CE8E8 /* artifyTests */,
				BAF46C8B20A588FD006CE8E8 /* Products */,
			);
			sourceTree = "<group>";
		};
		BAF46C8B20A588FD006CE8E8 /* Products */ = {
			isa = PBXGroup;
			children = (
				BAF46C8A20A588FD006CE8E8 /* artify.app */,
				BAF46C9C20A588FF006CE8E8 /* artifyTests.xctest */,
			);
			name = Products;
			sourceTree = "<group>";
		};
		BAF46C8C20A588FD006CE8E8 /* artify */ = {
			isa = PBXGroup;
			children = (
				BAF46C8D20A588FE006CE8E8 /* AppDelegate.swift */,
				BAF46C8F20A588FE006CE8E8 /* ViewController.swift */,
				BAF46C9120A588FF006CE8E8 /* Assets.xcassets */,
				BAF46C9320A588FF006CE8E8 /* Main.storyboard */,
				BAF46C9620A588FF006CE8E8 /* Info.plist */,
				BAF46C9720A588FF006CE8E8 /* artify.entitlements */,
			);
			path = artify;
			sourceTree = "<group>";
		};
		BAF46C9F20A588FF006CE8E8 /* artifyTests */ = {
			isa = PBXGroup;
			children = (
				BAF46CA020A588FF006CE8E8 /* artifyTests.swift */,
				BAF46CA220A588FF006CE8E8 /* Info.plist */,
			);
			path = artifyTests;
			sourceTree = "<group>";
		};
/* End PBXGroup section */

/* Begin PBXNativeTarget section */
		BAF46C8920A588FD006CE8E8 /* artify */ = {
			isa = PBXNativeTarget;
			buildConfigurationList = BAF46CA520A588FF006CE8E8 /* Build configuration list for PBXNativeTarget "artify" */;
			buildPhases = (
				BAF46C8620A588FD006CE8E8 /* Sources */,
				BAF46C8720A588FD006CE8E8 /* Frameworks */,
				BAF46C8820A588FD006CE8E8 /* Resources */,
			);
			buildRules = (
			);
			dependencies = (
			);
			name = artify;
			productName = artify;
			productReference = BAF46C8A20A588FD006CE8E8 /* artify.app */;
			productType = "com.apple.product-type.application";
		};
		BAF46C9B20A588FF006CE8E8 /* artifyTests */ = {
			isa = PBXNativeTarget;
			buildConfigurationList = BAF46CA820A588FF006CE8E8 /* Build configuration list for PBXNativeTarget "artifyTests" */;
			buildPhases = (
				BAF46C9820A588FF006CE8E8 /* Sources */,
				BAF46C9920A588FF006CE8E8 /* Frameworks */,
				BAF46C9A20A588FF006CE8E8 /* Resources */,
			);
			buildRules = (
			);
			dependencies = (
				BAF46C9E20A588FF006CE8E8 /* PBXTargetDependency */,
			);
			name = artifyTests;
			productName = artifyTests;
			productReference = BAF46C9C20A588FF006CE8E8 /* artifyTests.xctest */;
			productType = "com.apple.product-type.bundle.unit-test";
		};
/* End PBXNativeTarget section */

/* Begin PBXProject section */
		BAF46C8220A588FD006CE8E8 /* Project object */ = {
			isa = PBXProject;
			attributes = {
				LastSwiftUpdateCheck = 0930;
				LastUpgradeCheck = 0930;
				ORGANIZATIONNAME = com.art;
				TargetAttributes = {
					BAF46C8920A588FD006CE8E8 = {
						CreatedOnToolsVersion = 9.3;
					};
					BAF46C9B20A588FF006CE8E8 = {
						CreatedOnToolsVersion = 9.3;
						TestTargetID = BAF46C8920A588FD006CE8E8;
					};
				};
			};
			buildConfigurationList = BAF46C8520A588FD006CE8E8 /* Build configuration list for PBXProject "artify" */;
			compatibilityVersion = "Xcode 9.3";
			developmentRegion = en;
			hasScannedForEncodings = 0;
			knownRegions = (
				en,
				Base,
			);
			mainGroup = BAF46C8120A588FD006CE8E8;
			productRefGroup = BAF46C8B20A588FD006CE8E8 /* Products */;
			projectDirPath = "";
			projectRoot = "";
			targets = (
				BAF46C8920A588FD006CE8E8 /* artify */,
				BAF46C9B20A588FF006CE8E8 /* artifyTests */,
			);
		};
/* End PBXProject section */

/* Begin PBXResourcesBuildPhase section */
		BAF46C8820A588FD006CE8E8 /* Resources */ = {
			isa = PBXResourcesBuildPhase;
			buildActionMask = 2147483647;
			files = (
				BAF46C9220A588FF006CE8E8 /* Assets.xcassets in Resources */,
				BAF46C9520A588FF006CE8E8 /* Main.storyboard in Resources */,
			);
			runOnlyForDeploymentPostprocessing = 0;
		};
		BAF46C9A20A588FF006CE8E8 /* Resources */ = {
			isa = PBXResourcesBuildPhase;
			buildActionMask = 2147483647;
			files = (
			);
			runOnlyForDeploymentPostprocessing = 0;
		};
/* End PBXResourcesBuildPhase section */

/* Begin PBXSourcesBuildPhase section */
		BAF46C8620A588FD006CE8E8 /* Sources */ = {
			isa = PBXSourcesBuildPhase;
			buildActionMask = 2147483647;
			files = (
				BAF46C9020A588FE006CE8E8 /* ViewController.swift in Sources */,
				BAF46C8E20A588FE006CE8E8 /* AppDelegate.swift in Sources */,
			);
			runOnlyForDeploymentPostprocessing = 0;
		};
		BAF46C9820A588FF006CE8E8 /* Sources */ = {
			isa = PBXSourcesBuildPhase;
			buildActionMask = 2147483647;
			files = (
				BAF46CA120A588FF006CE8E8 /* artifyTests.swift in Sources */,
			);
			runOnlyForDeploymentPostprocessing = 0;
		};
/* End PBXSourcesBuildPhase section */

/* Begin PBXTargetDependency section */
		BAF46C9E20A588FF006CE8E8 /* PBXTargetDependency */ = {
			isa = PBXTargetDependency;
			target = BAF46C8920A588FD006CE8E8 /* artify */;
			targetProxy = BAF46C9D20A588FF006CE8E8 /* PBXContainerItemProxy */;
		};
/* End PBXTargetDependency section */

/* Begin PBXVariantGroup section */
		BAF46C9320A588FF006CE8E8 /* Main.storyboard */ = {
			isa = PBXVariantGroup;
			children = (
				BAF46C9420A588FF006CE8E8 /* Base */,
			);
			name = Main.storyboard;
			sourceTree = "<group>";
		};
/* End PBXVariantGroup section */

/* Begin XCBuildConfiguration section */
		BAF46CA320A588FF006CE8E8 /* Debug */ = {
			isa = XCBuildConfiguration;
			buildSettings = {
				ALWAYS_SEARCH_USER_PATHS = NO;
				CLANG_ANALYZER_NONNULL = YES;
				CLANG_ANALYZER_NUMBER_OBJECT_CONVERSION = YES_AGGRESSIVE;
				CLANG_CXX_LANGUAGE_STANDARD = "gnu++14";
				CLANG_CXX_LIBRARY = "libc++";
				CLANG_ENABLE_MODULES = YES;
				CLANG_ENABLE_OBJC_ARC = YES;
				CLANG_ENABLE_OBJC_WEAK = YES;
				CLANG_WARN_BLOCK_CAPTURE_AUTORELEASING = YES;
				CLANG_WARN_BOOL_CONVERSION = YES;
				CLANG_WARN_COMMA = YES;
				CLANG_WARN_CONSTANT_CONVERSION = YES;
				CLANG_WARN_DEPRECATED_OBJC_IMPLEMENTATIONS = YES;
				CLANG_WARN_DIRECT_OBJC_ISA_USAGE = YES_ERROR;
				CLANG_WARN_DOCUMENTATION_COMMENTS = YES;
				CLANG_WARN_EMPTY_BODY = YES;
				CLANG_WARN_ENUM_CONVERSION = YES;
				CLANG_WARN_INFINITE_RECURSION = YES;
				CLANG_WARN_INT_CONVERSION = YES;
				CLANG_WARN_NON_LITERAL_NULL_CONVERSION = YES;
				CLANG_WARN_OBJC_IMPLICIT_RETAIN_SELF = YES;
				CLANG_WARN_OBJC_LITERAL_CONVERSION = YES;
				CLANG_WARN_OBJC_ROOT_CLASS = YES_ERROR;
				CLANG_WARN_RANGE_LOOP_ANALYSIS = YES;
				CLANG_WARN_STRICT_PROTOTYPES = YES;
				CLANG_WARN_SUSPICIOUS_MOVE = YES;
				CLANG_WARN_UNGUARDED_AVAILABILITY = YES_AGGRESSIVE;
				CLANG_WARN_UNREACHABLE_CODE = YES;
				CLANG_WARN__DUPLICATE_METHOD_MATCH = YES;
				CODE_SIGN_IDENTITY = "-";
				COPY_PHASE_STRIP = NO;
				DEBUG_INFORMATION_FORMAT = dwarf;
				ENABLE_STRICT_OBJC_MSGSEND = YES;
				ENABLE_TESTABILITY = YES;
				GCC_C_LANGUAGE_STANDARD = gnu11;
				GCC_DYNAMIC_NO_PIC = NO;
				GCC_NO_COMMON_BLOCKS = YES;
				GCC_OPTIMIZATION_LEVEL = 0;
				GCC_PREPROCESSOR_DEFINITIONS = (
					"DEBUG=1",
					"$(inherited)",
				);
				GCC_WARN_64_TO_32_BIT_CONVERSION = YES;
				GCC_WARN_ABOUT_RETURN_TYPE = YES_ERROR;
				GCC_WARN_UNDECLARED_SELECTOR = YES;
				GCC_WARN_UNINITIALIZED_AUTOS = YES_AGGRESSIVE;
				GCC_WARN_UNUSED_FUNCTION = YES;
				GCC_WARN_UNUSED_VARIABLE = YES;
				MACOSX_DEPLOYMENT_TARGET = 10.13;
				MTL_ENABLE_DEBUG_INFO = YES;
				ONLY_ACTIVE_ARCH = YES;
				SDKROOT = macosx;
				SWIFT_ACTIVE_COMPILATION_CONDITIONS = DEBUG;
				SWIFT_OPTIMIZATION_LEVEL = "-Onone";
			};
			name = Debug;
		};
		BAF46CA420A588FF006CE8E8 /* Release */ = {
			isa = XCBuildConfiguration;
			buildSettings = {
				ALWAYS_SEARCH_USER_PATHS = NO;
				CLANG_ANALYZER_NONNULL = YES;
				CLANG_ANALYZER_NUMBER_OBJECT_CONVERSION = YES_AGGRESSIVE;
				CLANG_CXX_LANGUAGE_STANDARD = "gnu++14";
				CLANG_CXX_LIBRARY = "libc++";
				CLANG_ENABLE_MODULES = YES;
				CLANG_ENABLE_OBJC_ARC = YES;
				CLANG_ENABLE_OBJC_WEAK = YES;
				CLANG_WARN_BLOCK_CAPTURE_AUTORELEASING = YES;
				CLANG_WARN_BOOL_CONVERSION = YES;
				CLANG_WARN_COMMA = YES;
				CLANG_WARN_CONSTANT_CONVERSION = YES;
				CLANG_WARN_DEPRECATED_OBJC_IMPLEMENTATIONS = YES;
				CLANG_WARN_DIRECT_OBJC_ISA_USAGE = YES_ERROR;
				CLANG_WARN_DOCUMENTATION_COMMENTS = YES;
				CLANG_WARN_EMPTY_BODY = YES;
				CLANG_WARN_ENUM_CONVERSION = YES;
				CLANG_WARN_INFINITE_RECURSION = YES;
				CLANG_WARN_INT_CONVERSION = YES;
				CLANG_WARN_NON_LITERAL_NULL_CONVERSION = YES;
				CLANG_WARN_OBJC_IMPLICIT_RETAIN_SELF = YES;
				CLANG_WARN_OBJC_LITERAL_CONVERSION = YES;
				CLANG_WARN_OBJC_ROOT_CLASS = YES_ERROR;
				CLANG_WARN_RANGE_LOOP_ANALYSIS = YES;
				CLANG_WARN_STRICT_PROTOTYPES = YES;
				CLANG_WARN_SUSPICIOUS_MOVE = YES;
				CLANG_WARN_UNGUARDED_AVAILABILITY = YES_AGGRESSIVE;
				CLANG_WARN_UNREACHABLE_CODE = YES;
				CLANG_WARN__DUPLICATE_METHOD_MATCH = YES;
				CODE_SIGN_IDENTITY = "-";
				COPY_PHASE_STRIP = NO;
				DEBUG_INFORMATION_FORMAT = "dwarf-with-dsym";
				ENABLE_NS_ASSERTIONS = NO;
				ENABLE_STRICT_OBJC_MSGSEND = YES;
				GCC_C_LANGUAGE_STANDARD = gnu11;
				GCC_NO_COMMON_BLOCKS = YES;
				GCC_WARN_64_TO_32_BIT_CONVERSION = YES;
				GCC_WARN_ABOUT_RETURN_TYPE = YES_ERROR;
				GCC_WARN_UNDECLARED_SELECTOR = YES;
				GCC_WARN_UNINITIALIZED_AUTOS = YES_AGGRESSIVE;
				GCC_WARN_UNUSED_FUNCTION = YES;
				GCC_WARN_UNUSED_VARIABLE = YES;
				MACOSX_DEPLOYMENT_TARGET = 10.13;
				MTL_ENABLE_DEBUG_INFO = NO;
				SDKROOT = macosx;
				SWIFT_COMPILATION_MODE = wholemodule;
				SWIFT_OPTIMIZATION_LEVEL = "-O";
			};
			name = Release;
		};
		BAF46CA620A588FF006CE8E8 /* Debug */ = {
			isa = XCBuildConfiguration;
			buildSettings = {
				ASSETCATALOG_COMPILER_APPICON_NAME = AppIcon;
				CODE_SIGN_ENTITLEMENTS = artify/artify.entitlements;
				CODE_SIGN_STYLE = Automatic;
				COMBINE_HIDPI_IMAGES = YES;
				INFOPLIST_FILE = artify/Info.plist;
				LD_RUNPATH_SEARCH_PATHS = (
					"$(inherited)",
					"@executable_path/../Frameworks",
				);
				PRODUCT_BUNDLE_IDENTIFIER = com.art.artify;
				PRODUCT_NAME = "$(TARGET_NAME)";
				SWIFT_VERSION = 4.0;
			};
			name = Debug;
		};
		BAF46CA720A588FF006CE8E8 /* Release */ = {
			isa = XCBuildConfiguration;
			buildSettings = {
				ASSETCATALOG_COMPILER_APPICON_NAME = AppIcon;
				CODE_SIGN_ENTITLEMENTS = artify/artify.entitlements;
				CODE_SIGN_STYLE = Automatic;
				COMBINE_HIDPI_IMAGES = YES;
				INFOPLIST_FILE = artify/Info.plist;
				LD_RUNPATH_SEARCH_PATHS = (
					"$(inherited)",
					"@executable_path/../Frameworks",
				);
				PRODUCT_BUNDLE_IDENTIFIER = com.art.artify;
				PRODUCT_NAME = "$(TARGET_NAME)";
				SWIFT_VERSION = 4.0;
			};
			name = Release;
		};
		BAF46CA920A588FF006CE8E8 /* Debug */ = {
			isa = XCBuildConfiguration;
			buildSettings = {
				ALWAYS_EMBED_SWIFT_STANDARD_LIBRARIES = YES;
				BUNDLE_LOADER = "$(TEST_HOST)";
				CODE_SIGN_STYLE = Automatic;
				COMBINE_HIDPI_IMAGES = YES;
				INFOPLIST_FILE = artifyTests/Info.plist;
				LD_RUNPATH_SEARCH_PATHS = (
					"$(inherited)",
					"@executable_path/../Frameworks",
					"@loader_path/../Frameworks",
				);
				PRODUCT_BUNDLE_IDENTIFIER = com.art.artifyTests;
				PRODUCT_NAME = "$(TARGET_NAME)";
				SWIFT_VERSION = 4.0;
				TEST_HOST = "$(BUILT_PRODUCTS_DIR)/artify.app/Contents/MacOS/artify";
			};
			name = Debug;
		};
		BAF46CAA20A588FF006CE8E8 /* Release */ = {
			isa = XCBuildConfiguration;
			buildSettings = {
				ALWAYS_EMBED_SWIFT_STANDARD_LIBRARIES = YES;
				BUNDLE_LOADER = "$(TEST_HOST)";
				CODE_SIGN_STYLE = Automatic;
				COMBINE_HIDPI_IMAGES = YES;
				INFOPLIST_FILE = artifyTests/Info.plist;
				LD_RUNPATH_SEARCH_PATHS = (
					"$(inherited)",
					"@executable_path/../Frameworks",
					"@loader_path/../Frameworks",
				);
				PRODUCT_BUNDLE_IDENTIFIER = com.art.artifyTests;
				PRODUCT_NAME = "$(TARGET_NAME)";
				SWIFT_VERSION = 4.0;
				TEST_HOST = "$(BUILT_PRODUCTS_DIR)/artify.app/Contents/MacOS/artify";
			};
			name = Release;
		};
/* End XCBuildConfiguration section */

/* Begin XCConfigurationList section */
		BAF46C8520A588FD006CE8E8 /* Build configuration list for PBXProject "artify" */ = {
			isa = XCConfigurationList;
			buildConfigurations = (
				BAF46CA320A588FF006CE8E8 /* Debug */,
				BAF46CA420A588FF006CE8E8 /* Release */,
			);
			defaultConfigurationIsVisible = 0;
			defaultConfigurationName = Release;
		};
		BAF46CA520A588FF006CE8E8 /* Build configuration list for PBXNativeTarget "artify" */ = {
			isa = XCConfigurationList;
			buildConfigurations = (
				BAF46CA620A588FF006CE8E8 /* Debug */,
				BAF46CA720A588FF006CE8E8 /* Release */,
			);
			defaultConfigurationIsVisible = 0;
			defaultConfigurationName = Release;
		};
		BAF46CA820A588FF006CE8E8 /* Build configuration list for PBXNativeTarget "artifyTests" */ = {
			isa = XCConfigurationList;
			buildConfigurations = (
				BAF46CA920A588FF006CE8E8 /* Debug */,
				BAF46CAA20A588FF006CE8E8 /* Release */,
			);
			defaultConfigurationIsVisible = 0;
			defaultConfigurationName = Release;
		};
/* End XCConfigurationList section */
	};
	rootObject = BAF46C8220A588FD006CE8E8 /* Project object */;
}
