// !$*UTF8*$!
{
	archiveVersion = 1;
	classes = {
	};
	objectVersion = 50;
	objects = {

/* Begin PBXBuildFile section */
		6DC208D45B2655A8413D123E /* Pods_artify_core.framework in Frameworks */ = {isa = PBXBuildFile; fileRef = 0486739449050E8BACA43C7E /* Pods_artify_core.framework */; };
		BA4CDA5320B13E3C00D19C3D /* StatusBarViewModel.swift in Sources */ = {isa = PBXBuildFile; fileRef = BA4CDA5220B13E3C00D19C3D /* StatusBarViewModel.swift */; };
		BA4CDA5620B13E9200D19C3D /* Menu.swift in Sources */ = {isa = PBXBuildFile; fileRef = BA4CDA5520B13E9200D19C3D /* Menu.swift */; };
		BA4CDA5820B13FA700D19C3D /* Coordinator.swift in Sources */ = {isa = PBXBuildFile; fileRef = BA4CDA5720B13FA700D19C3D /* Coordinator.swift */; };
		BA4CDA5C20B14AA000D19C3D /* NetworkService.swift in Sources */ = {isa = PBXBuildFile; fileRef = BA4CDA5B20B14AA000D19C3D /* NetworkService.swift */; };
		BA4CDA5E20B14AD600D19C3D /* ArtifyCoreAPI.swift in Sources */ = {isa = PBXBuildFile; fileRef = BA4CDA5D20B14AD600D19C3D /* ArtifyCoreAPI.swift */; };
		BA4CDA6120B14B9600D19C3D /* Environment.swift in Sources */ = {isa = PBXBuildFile; fileRef = BA4CDA6020B14B9600D19C3D /* Environment.swift */; };
		BA4CDA6320B1563400D19C3D /* Photo.swift in Sources */ = {isa = PBXBuildFile; fileRef = BA4CDA6220B1563400D19C3D /* Photo.swift */; };
		BA4CDA6520B1564300D19C3D /* Author.swift in Sources */ = {isa = PBXBuildFile; fileRef = BA4CDA6420B1564300D19C3D /* Author.swift */; };
		BA4CDA6720B15CF400D19C3D /* DownloadService.swift in Sources */ = {isa = PBXBuildFile; fileRef = BA4CDA6620B15CF400D19C3D /* DownloadService.swift */; };
		BA4CDA6A20B15F2200D19C3D /* Models+RxSwift.swift in Sources */ = {isa = PBXBuildFile; fileRef = BA4CDA6920B15F2200D19C3D /* Models+RxSwift.swift */; };
		BA4CDA6C20B1648D00D19C3D /* APIResponse.swift in Sources */ = {isa = PBXBuildFile; fileRef = BA4CDA6B20B1648D00D19C3D /* APIResponse.swift */; };
		BA4CDA6E20B2710C00D19C3D /* ArtifyError.swift in Sources */ = {isa = PBXBuildFile; fileRef = BA4CDA6D20B2710C00D19C3D /* ArtifyError.swift */; };
		BA6DF60C20BD316C006DBF9F /* GaussianEffect.m in Sources */ = {isa = PBXBuildFile; fileRef = BA6DF60A20BD316C006DBF9F /* GaussianEffect.m */; };
		BA6DF60D20BD316C006DBF9F /* GaussianEffect.h in Headers */ = {isa = PBXBuildFile; fileRef = BA6DF60B20BD316C006DBF9F /* GaussianEffect.h */; settings = {ATTRIBUTES = (Public, ); }; };
		BA6DF61020BD31CB006DBF9F /* NSImage+CGImage.h in Headers */ = {isa = PBXBuildFile; fileRef = BA6DF60E20BD31CB006DBF9F /* NSImage+CGImage.h */; };
		BA6DF61120BD31CB006DBF9F /* NSImage+CGImage.m in Sources */ = {isa = PBXBuildFile; fileRef = BA6DF60F20BD31CB006DBF9F /* NSImage+CGImage.m */; };
		BA6DF61420BD32B6006DBF9F /* NSImage+Scale.swift in Sources */ = {isa = PBXBuildFile; fileRef = BA6DF61320BD32B6006DBF9F /* NSImage+Scale.swift */; };
		BA6DF61620BD32D6006DBF9F /* NSImage+Extenstion.swift in Sources */ = {isa = PBXBuildFile; fileRef = BA6DF61520BD32D6006DBF9F /* NSImage+Extenstion.swift */; };
		BA6DF61820BD38F0006DBF9F /* GaussianData.swift in Sources */ = {isa = PBXBuildFile; fileRef = BA6DF61720BD38F0006DBF9F /* GaussianData.swift */; };
		BA6DF64120BD7374006DBF9F /* WallpaperProcessor.swift in Sources */ = {isa = PBXBuildFile; fileRef = BA6DF64020BD7374006DBF9F /* WallpaperProcessor.swift */; };
		BA79308120AC0756002A7CE4 /* artify_core.framework in Frameworks */ = {isa = PBXBuildFile; fileRef = BA79307720AC0756002A7CE4 /* artify_core.framework */; };
		BA79308620AC0756002A7CE4 /* artify_coreTests.swift in Sources */ = {isa = PBXBuildFile; fileRef = BA79308520AC0756002A7CE4 /* artify_coreTests.swift */; };
		BA79308820AC0756002A7CE4 /* artify_core.h in Headers */ = {isa = PBXBuildFile; fileRef = BA79307A20AC0756002A7CE4 /* artify_core.h */; settings = {ATTRIBUTES = (Public, ); }; };
		BA79835620CF778E00DE2828 /* AppUpdater.swift in Sources */ = {isa = PBXBuildFile; fileRef = BA79835520CF778E00DE2828 /* AppUpdater.swift */; };
		BA947A1420BBBE5B00DBD94D /* WallpaperService.swift in Sources */ = {isa = PBXBuildFile; fileRef = BA947A1320BBBE5B00DBD94D /* WallpaperService.swift */; };
		BA947A1620BBCBAC00DBD94D /* String+Encoding.swift in Sources */ = {isa = PBXBuildFile; fileRef = BA947A1520BBCBAC00DBD94D /* String+Encoding.swift */; };
		BA947A1920BBDFFB00DBD94D /* GenerationAlgorithm.swift in Sources */ = {isa = PBXBuildFile; fileRef = BA947A1820BBDFFB00DBD94D /* GenerationAlgorithm.swift */; };
		BA947A1B20BBE18400DBD94D /* GaussianAlgorithm.swift in Sources */ = {isa = PBXBuildFile; fileRef = BA947A1A20BBE18400DBD94D /* GaussianAlgorithm.swift */; };
		BAA2560A20AC5B6300BBA837 /* HomeViewModel.swift in Sources */ = {isa = PBXBuildFile; fileRef = BAA2560920AC5B6300BBA837 /* HomeViewModel.swift */; };
		BAC02E7A20C6693D00CADB25 /* Dictionary+Extension.swift in Sources */ = {isa = PBXBuildFile; fileRef = BAC02E7920C6693D00CADB25 /* Dictionary+Extension.swift */; };
		BAC0B74420C0338000FF4FDF /* AppInfo.swift in Sources */ = {isa = PBXBuildFile; fileRef = BAC0B74320C0338000FF4FDF /* AppInfo.swift */; };
		BAC0B75820C11BC800FF4FDF /* Observable+Extension.swift in Sources */ = {isa = PBXBuildFile; fileRef = BAC0B75720C11BC800FF4FDF /* Observable+Extension.swift */; };
		BAC0B75A20C11D9500FF4FDF /* FilePayload.swift in Sources */ = {isa = PBXBuildFile; fileRef = BAC0B75920C11D9500FF4FDF /* FilePayload.swift */; };
		BAC0B75C20C124FE00FF4FDF /* DownloadPayload.swift in Sources */ = {isa = PBXBuildFile; fileRef = BAC0B75B20C124FE00FF4FDF /* DownloadPayload.swift */; };
		BAC0B75E20C125DE00FF4FDF /* WallpaperPayload.swift in Sources */ = {isa = PBXBuildFile; fileRef = BAC0B75D20C125DE00FF4FDF /* WallpaperPayload.swift */; };
		BAC0B76020C129C700FF4FDF /* CGSize+String.swift in Sources */ = {isa = PBXBuildFile; fileRef = BAC0B75F20C129C700FF4FDF /* CGSize+String.swift */; };
		BAC0BC3B20BA9A690092A541 /* FileManager.swift in Sources */ = {isa = PBXBuildFile; fileRef = BAC0BC3A20BA9A690092A541 /* FileManager.swift */; };
		BAEB942C20C2761E0048F18B /* LaunchOnStartup.swift in Sources */ = {isa = PBXBuildFile; fileRef = BAEB942A20C2761E0048F18B /* LaunchOnStartup.swift */; };
		BAEB942D20C2761E0048F18B /* Setting.swift in Sources */ = {isa = PBXBuildFile; fileRef = BAEB942B20C2761E0048F18B /* Setting.swift */; };
		BAF1EE8020C501F200692AA7 /* TrackingService.swift in Sources */ = {isa = PBXBuildFile; fileRef = BAF1EE7F20C501F200692AA7 /* TrackingService.swift */; };
		BAF1EE8620C5077900692AA7 /* TrackingParameter.swift in Sources */ = {isa = PBXBuildFile; fileRef = BAF1EE8520C5077900692AA7 /* TrackingParameter.swift */; };
/* End PBXBuildFile section */

/* Begin PBXContainerItemProxy section */
		BA79308220AC0756002A7CE4 /* PBXContainerItemProxy */ = {
			isa = PBXContainerItemProxy;
			containerPortal = BA79306E20AC0756002A7CE4 /* Project object */;
			proxyType = 1;
			remoteGlobalIDString = BA79307620AC0756002A7CE4;
			remoteInfo = "artify-core";
		};
/* End PBXContainerItemProxy section */

/* Begin PBXFileReference section */
		0486739449050E8BACA43C7E /* Pods_artify_core.framework */ = {isa = PBXFileReference; explicitFileType = wrapper.framework; includeInIndex = 0; path = Pods_artify_core.framework; sourceTree = BUILT_PRODUCTS_DIR; };
		3FB3468F5B8AC035B1211CF5 /* Pods-artify-core.debug.xcconfig */ = {isa = PBXFileReference; includeInIndex = 1; lastKnownFileType = text.xcconfig; name = "Pods-artify-core.debug.xcconfig"; path = "../Pods/Target Support Files/Pods-artify-core/Pods-artify-core.debug.xcconfig"; sourceTree = "<group>"; };
		7C4B613A9F337A747661A5A4 /* Pods-artify-core.release.xcconfig */ = {isa = PBXFileReference; includeInIndex = 1; lastKnownFileType = text.xcconfig; name = "Pods-artify-core.release.xcconfig"; path = "../Pods/Target Support Files/Pods-artify-core/Pods-artify-core.release.xcconfig"; sourceTree = "<group>"; };
		BA4CDA5220B13E3C00D19C3D /* StatusBarViewModel.swift */ = {isa = PBXFileReference; lastKnownFileType = sourcecode.swift; path = StatusBarViewModel.swift; sourceTree = "<group>"; };
		BA4CDA5520B13E9200D19C3D /* Menu.swift */ = {isa = PBXFileReference; lastKnownFileType = sourcecode.swift; path = Menu.swift; sourceTree = "<group>"; };
		BA4CDA5720B13FA700D19C3D /* Coordinator.swift */ = {isa = PBXFileReference; lastKnownFileType = sourcecode.swift; path = Coordinator.swift; sourceTree = "<group>"; };
		BA4CDA5B20B14AA000D19C3D /* NetworkService.swift */ = {isa = PBXFileReference; lastKnownFileType = sourcecode.swift; path = NetworkService.swift; sourceTree = "<group>"; };
		BA4CDA5D20B14AD600D19C3D /* ArtifyCoreAPI.swift */ = {isa = PBXFileReference; lastKnownFileType = sourcecode.swift; path = ArtifyCoreAPI.swift; sourceTree = "<group>"; };
		BA4CDA6020B14B9600D19C3D /* Environment.swift */ = {isa = PBXFileReference; lastKnownFileType = sourcecode.swift; path = Environment.swift; sourceTree = "<group>"; };
		BA4CDA6220B1563400D19C3D /* Photo.swift */ = {isa = PBXFileReference; lastKnownFileType = sourcecode.swift; path = Photo.swift; sourceTree = "<group>"; };
		BA4CDA6420B1564300D19C3D /* Author.swift */ = {isa = PBXFileReference; lastKnownFileType = sourcecode.swift; path = Author.swift; sourceTree = "<group>"; };
		BA4CDA6620B15CF400D19C3D /* DownloadService.swift */ = {isa = PBXFileReference; lastKnownFileType = sourcecode.swift; path = DownloadService.swift; sourceTree = "<group>"; };
		BA4CDA6920B15F2200D19C3D /* Models+RxSwift.swift */ = {isa = PBXFileReference; lastKnownFileType = sourcecode.swift; path = "Models+RxSwift.swift"; sourceTree = "<group>"; };
		BA4CDA6B20B1648D00D19C3D /* APIResponse.swift */ = {isa = PBXFileReference; lastKnownFileType = sourcecode.swift; path = APIResponse.swift; sourceTree = "<group>"; };
		BA4CDA6D20B2710C00D19C3D /* ArtifyError.swift */ = {isa = PBXFileReference; lastKnownFileType = sourcecode.swift; path = ArtifyError.swift; sourceTree = "<group>"; };
		BA6DF60A20BD316C006DBF9F /* GaussianEffect.m */ = {isa = PBXFileReference; fileEncoding = 4; lastKnownFileType = sourcecode.c.objc; path = GaussianEffect.m; sourceTree = "<group>"; };
		BA6DF60B20BD316C006DBF9F /* GaussianEffect.h */ = {isa = PBXFileReference; fileEncoding = 4; lastKnownFileType = sourcecode.c.h; path = GaussianEffect.h; sourceTree = "<group>"; };
		BA6DF60E20BD31CB006DBF9F /* NSImage+CGImage.h */ = {isa = PBXFileReference; lastKnownFileType = sourcecode.c.h; path = "NSImage+CGImage.h"; sourceTree = "<group>"; };
		BA6DF60F20BD31CB006DBF9F /* NSImage+CGImage.m */ = {isa = PBXFileReference; lastKnownFileType = sourcecode.c.objc; path = "NSImage+CGImage.m"; sourceTree = "<group>"; };
		BA6DF61320BD32B6006DBF9F /* NSImage+Scale.swift */ = {isa = PBXFileReference; fileEncoding = 4; lastKnownFileType = sourcecode.swift; path = "NSImage+Scale.swift"; sourceTree = "<group>"; };
		BA6DF61520BD32D6006DBF9F /* NSImage+Extenstion.swift */ = {isa = PBXFileReference; lastKnownFileType = sourcecode.swift; path = "NSImage+Extenstion.swift"; sourceTree = "<group>"; };
		BA6DF61720BD38F0006DBF9F /* GaussianData.swift */ = {isa = PBXFileReference; lastKnownFileType = sourcecode.swift; path = GaussianData.swift; sourceTree = "<group>"; };
		BA6DF64020BD7374006DBF9F /* WallpaperProcessor.swift */ = {isa = PBXFileReference; lastKnownFileType = sourcecode.swift; path = WallpaperProcessor.swift; sourceTree = "<group>"; };
		BA79307720AC0756002A7CE4 /* artify_core.framework */ = {isa = PBXFileReference; explicitFileType = wrapper.framework; includeInIndex = 0; path = artify_core.framework; sourceTree = BUILT_PRODUCTS_DIR; };
		BA79307A20AC0756002A7CE4 /* artify_core.h */ = {isa = PBXFileReference; lastKnownFileType = sourcecode.c.h; path = artify_core.h; sourceTree = "<group>"; };
		BA79307B20AC0756002A7CE4 /* Info.plist */ = {isa = PBXFileReference; lastKnownFileType = text.plist.xml; path = Info.plist; sourceTree = "<group>"; };
		BA79308020AC0756002A7CE4 /* artify-coreTests.xctest */ = {isa = PBXFileReference; explicitFileType = wrapper.cfbundle; includeInIndex = 0; path = "artify-coreTests.xctest"; sourceTree = BUILT_PRODUCTS_DIR; };
		BA79308520AC0756002A7CE4 /* artify_coreTests.swift */ = {isa = PBXFileReference; lastKnownFileType = sourcecode.swift; path = artify_coreTests.swift; sourceTree = "<group>"; };
		BA79308720AC0756002A7CE4 /* Info.plist */ = {isa = PBXFileReference; lastKnownFileType = text.plist.xml; path = Info.plist; sourceTree = "<group>"; };
		BA79835520CF778E00DE2828 /* AppUpdater.swift */ = {isa = PBXFileReference; lastKnownFileType = sourcecode.swift; path = AppUpdater.swift; sourceTree = "<group>"; };
		BA947A1320BBBE5B00DBD94D /* WallpaperService.swift */ = {isa = PBXFileReference; lastKnownFileType = sourcecode.swift; path = WallpaperService.swift; sourceTree = "<group>"; };
		BA947A1520BBCBAC00DBD94D /* String+Encoding.swift */ = {isa = PBXFileReference; lastKnownFileType = sourcecode.swift; path = "String+Encoding.swift"; sourceTree = "<group>"; };
		BA947A1820BBDFFB00DBD94D /* GenerationAlgorithm.swift */ = {isa = PBXFileReference; lastKnownFileType = sourcecode.swift; path = GenerationAlgorithm.swift; sourceTree = "<group>"; };
		BA947A1A20BBE18400DBD94D /* GaussianAlgorithm.swift */ = {isa = PBXFileReference; lastKnownFileType = sourcecode.swift; path = GaussianAlgorithm.swift; sourceTree = "<group>"; };
		BAA2560920AC5B6300BBA837 /* HomeViewModel.swift */ = {isa = PBXFileReference; lastKnownFileType = sourcecode.swift; path = HomeViewModel.swift; sourceTree = "<group>"; };
		BAC02E7920C6693D00CADB25 /* Dictionary+Extension.swift */ = {isa = PBXFileReference; lastKnownFileType = sourcecode.swift; path = "Dictionary+Extension.swift"; sourceTree = "<group>"; };
		BAC0B74320C0338000FF4FDF /* AppInfo.swift */ = {isa = PBXFileReference; lastKnownFileType = sourcecode.swift; path = AppInfo.swift; sourceTree = "<group>"; };
		BAC0B75720C11BC800FF4FDF /* Observable+Extension.swift */ = {isa = PBXFileReference; lastKnownFileType = sourcecode.swift; path = "Observable+Extension.swift"; sourceTree = "<group>"; };
		BAC0B75920C11D9500FF4FDF /* FilePayload.swift */ = {isa = PBXFileReference; lastKnownFileType = sourcecode.swift; path = FilePayload.swift; sourceTree = "<group>"; };
		BAC0B75B20C124FE00FF4FDF /* DownloadPayload.swift */ = {isa = PBXFileReference; lastKnownFileType = sourcecode.swift; path = DownloadPayload.swift; sourceTree = "<group>"; };
		BAC0B75D20C125DE00FF4FDF /* WallpaperPayload.swift */ = {isa = PBXFileReference; lastKnownFileType = sourcecode.swift; path = WallpaperPayload.swift; sourceTree = "<group>"; };
		BAC0B75F20C129C700FF4FDF /* CGSize+String.swift */ = {isa = PBXFileReference; lastKnownFileType = sourcecode.swift; path = "CGSize+String.swift"; sourceTree = "<group>"; };
		BAC0BC3A20BA9A690092A541 /* FileManager.swift */ = {isa = PBXFileReference; lastKnownFileType = sourcecode.swift; path = FileManager.swift; sourceTree = "<group>"; };
		BAEB942A20C2761E0048F18B /* LaunchOnStartup.swift */ = {isa = PBXFileReference; fileEncoding = 4; lastKnownFileType = sourcecode.swift; name = LaunchOnStartup.swift; path = "artify-core/Setting/LaunchOnStartup.swift"; sourceTree = SOURCE_ROOT; };
		BAEB942B20C2761E0048F18B /* Setting.swift */ = {isa = PBXFileReference; fileEncoding = 4; lastKnownFileType = sourcecode.swift; name = Setting.swift; path = "artify-core/Setting/Setting.swift"; sourceTree = SOURCE_ROOT; };
		BAF1EE7F20C501F200692AA7 /* TrackingService.swift */ = {isa = PBXFileReference; lastKnownFileType = sourcecode.swift; path = TrackingService.swift; sourceTree = "<group>"; };
		BAF1EE8520C5077900692AA7 /* TrackingParameter.swift */ = {isa = PBXFileReference; lastKnownFileType = sourcecode.swift; path = TrackingParameter.swift; sourceTree = "<group>"; };
/* End PBXFileReference section */

/* Begin PBXFrameworksBuildPhase section */
		BA79307320AC0756002A7CE4 /* Frameworks */ = {
			isa = PBXFrameworksBuildPhase;
			buildActionMask = 2147483647;
			files = (
				6DC208D45B2655A8413D123E /* Pods_artify_core.framework in Frameworks */,
			);
			runOnlyForDeploymentPostprocessing = 0;
		};
		BA79307D20AC0756002A7CE4 /* Frameworks */ = {
			isa = PBXFrameworksBuildPhase;
			buildActionMask = 2147483647;
			files = (
				BA79308120AC0756002A7CE4 /* artify_core.framework in Frameworks */,
			);
			runOnlyForDeploymentPostprocessing = 0;
		};
/* End PBXFrameworksBuildPhase section */

/* Begin PBXGroup section */
		15F767FB358A3C17E218587E /* Frameworks */ = {
			isa = PBXGroup;
			children = (
				0486739449050E8BACA43C7E /* Pods_artify_core.framework */,
			);
			name = Frameworks;
			sourceTree = "<group>";
		};
		B3490B8D43A7CE82AC1194D5 /* Pods */ = {
			isa = PBXGroup;
			children = (
				3FB3468F5B8AC035B1211CF5 /* Pods-artify-core.debug.xcconfig */,
				7C4B613A9F337A747661A5A4 /* Pods-artify-core.release.xcconfig */,
			);
			name = Pods;
			sourceTree = "<group>";
		};
		BA4CDA5420B13E8200D19C3D /* Models */ = {
			isa = PBXGroup;
			children = (
				BA4CDA5520B13E9200D19C3D /* Menu.swift */,
				BA4CDA6220B1563400D19C3D /* Photo.swift */,
				BA4CDA6420B1564300D19C3D /* Author.swift */,
				BA4CDA6B20B1648D00D19C3D /* APIResponse.swift */,
				BAC0B74320C0338000FF4FDF /* AppInfo.swift */,
				BAC0B75920C11D9500FF4FDF /* FilePayload.swift */,
				BAC0B75B20C124FE00FF4FDF /* DownloadPayload.swift */,
				BAC0B75D20C125DE00FF4FDF /* WallpaperPayload.swift */,
			);
			path = Models;
			sourceTree = "<group>";
		};
		BA4CDA5F20B14B8200D19C3D /* Constants */ = {
			isa = PBXGroup;
			children = (
				BA4CDA6020B14B9600D19C3D /* Environment.swift */,
				BA4CDA6D20B2710C00D19C3D /* ArtifyError.swift */,
			);
			path = Constants;
			sourceTree = "<group>";
		};
		BA4CDA6820B15F1400D19C3D /* Extension */ = {
			isa = PBXGroup;
			children = (
				BA4CDA6920B15F2200D19C3D /* Models+RxSwift.swift */,
				BA947A1520BBCBAC00DBD94D /* String+Encoding.swift */,
				BAC0B75720C11BC800FF4FDF /* Observable+Extension.swift */,
				BAC0B75F20C129C700FF4FDF /* CGSize+String.swift */,
				BAC02E7920C6693D00CADB25 /* Dictionary+Extension.swift */,
			);
			path = Extension;
			sourceTree = "<group>";
		};
		BA6DF60820BD3140006DBF9F /* Gaussian */ = {
			isa = PBXGroup;
			children = (
				BA6DF61220BD32AB006DBF9F /* Scale */,
				BA6DF60920BD314A006DBF9F /* Extensions */,
				BA947A1A20BBE18400DBD94D /* GaussianAlgorithm.swift */,
				BA6DF61720BD38F0006DBF9F /* GaussianData.swift */,
			);
			path = Gaussian;
			sourceTree = "<group>";
		};
		BA6DF60920BD314A006DBF9F /* Extensions */ = {
			isa = PBXGroup;
			children = (
				BA6DF60B20BD316C006DBF9F /* GaussianEffect.h */,
				BA6DF60A20BD316C006DBF9F /* GaussianEffect.m */,
				BA6DF60E20BD31CB006DBF9F /* NSImage+CGImage.h */,
				BA6DF60F20BD31CB006DBF9F /* NSImage+CGImage.m */,
			);
			path = Extensions;
			sourceTree = "<group>";
		};
		BA6DF61220BD32AB006DBF9F /* Scale */ = {
			isa = PBXGroup;
			children = (
				BA6DF61320BD32B6006DBF9F /* NSImage+Scale.swift */,
				BA6DF61520BD32D6006DBF9F /* NSImage+Extenstion.swift */,
			);
			path = Scale;
			sourceTree = "<group>";
		};
		BA79306D20AC0756002A7CE4 = {
			isa = PBXGroup;
			children = (
				BA79307920AC0756002A7CE4 /* artify-core */,
				BA79308420AC0756002A7CE4 /* artify-coreTests */,
				BA79307820AC0756002A7CE4 /* Products */,
				B3490B8D43A7CE82AC1194D5 /* Pods */,
				15F767FB358A3C17E218587E /* Frameworks */,
			);
			sourceTree = "<group>";
		};
		BA79307820AC0756002A7CE4 /* Products */ = {
			isa = PBXGroup;
			children = (
				BA79307720AC0756002A7CE4 /* artify_core.framework */,
				BA79308020AC0756002A7CE4 /* artify-coreTests.xctest */,
			);
			name = Products;
			sourceTree = "<group>";
		};
		BA79307920AC0756002A7CE4 /* artify-core */ = {
			isa = PBXGroup;
			children = (
				BAF1EE8420C5076A00692AA7 /* TrackingParameter */,
				BAEB942520C26F7C0048F18B /* Setting */,
				BA947A1720BBDFE100DBD94D /* Algorithm */,
				BA4CDA6820B15F1400D19C3D /* Extension */,
				BA4CDA5F20B14B8200D19C3D /* Constants */,
				BA4CDA5420B13E8200D19C3D /* Models */,
				BAA255FE20AC5AC400BBA837 /* Services */,
				BAA255FD20AC5AB300BBA837 /* ViewModels */,
				BA4CDA5720B13FA700D19C3D /* Coordinator.swift */,
				BA79307A20AC0756002A7CE4 /* artify_core.h */,
				BA79307B20AC0756002A7CE4 /* Info.plist */,
			);
			path = "artify-core";
			sourceTree = "<group>";
		};
		BA79308420AC0756002A7CE4 /* artify-coreTests */ = {
			isa = PBXGroup;
			children = (
				BA79308520AC0756002A7CE4 /* artify_coreTests.swift */,
				BA79308720AC0756002A7CE4 /* Info.plist */,
			);
			path = "artify-coreTests";
			sourceTree = "<group>";
		};
		BA947A1720BBDFE100DBD94D /* Algorithm */ = {
			isa = PBXGroup;
			children = (
				BA6DF60820BD3140006DBF9F /* Gaussian */,
				BA947A1820BBDFFB00DBD94D /* GenerationAlgorithm.swift */,
			);
			path = Algorithm;
			sourceTree = "<group>";
		};
		BAA255FD20AC5AB300BBA837 /* ViewModels */ = {
			isa = PBXGroup;
			children = (
				BAA2560920AC5B6300BBA837 /* HomeViewModel.swift */,
				BA4CDA5220B13E3C00D19C3D /* StatusBarViewModel.swift */,
			);
			path = ViewModels;
			sourceTree = "<group>";
		};
		BAA255FE20AC5AC400BBA837 /* Services */ = {
			isa = PBXGroup;
			children = (
				BA4CDA5B20B14AA000D19C3D /* NetworkService.swift */,
				BA4CDA5D20B14AD600D19C3D /* ArtifyCoreAPI.swift */,
				BA4CDA6620B15CF400D19C3D /* DownloadService.swift */,
				BAC0BC3A20BA9A690092A541 /* FileManager.swift */,
				BA947A1320BBBE5B00DBD94D /* WallpaperService.swift */,
				BA6DF64020BD7374006DBF9F /* WallpaperProcessor.swift */,
				BAF1EE7F20C501F200692AA7 /* TrackingService.swift */,
				BA79835520CF778E00DE2828 /* AppUpdater.swift */,
			);
			path = Services;
			sourceTree = "<group>";
		};
		BAEB942520C26F7C0048F18B /* Setting */ = {
			isa = PBXGroup;
			children = (
				BAEB942A20C2761E0048F18B /* LaunchOnStartup.swift */,
				BAEB942B20C2761E0048F18B /* Setting.swift */,
			);
			name = Setting;
			path = "New Group";
			sourceTree = "<group>";
		};
		BAF1EE8420C5076A00692AA7 /* TrackingParameter */ = {
			isa = PBXGroup;
			children = (
				BAF1EE8520C5077900692AA7 /* TrackingParameter.swift */,
			);
			path = TrackingParameter;
			sourceTree = "<group>";
		};
/* End PBXGroup section */

/* Begin PBXHeadersBuildPhase section */
		BA79307420AC0756002A7CE4 /* Headers */ = {
			isa = PBXHeadersBuildPhase;
			buildActionMask = 2147483647;
			files = (
				BA79308820AC0756002A7CE4 /* artify_core.h in Headers */,
				BA6DF60D20BD316C006DBF9F /* GaussianEffect.h in Headers */,
				BA6DF61020BD31CB006DBF9F /* NSImage+CGImage.h in Headers */,
			);
			runOnlyForDeploymentPostprocessing = 0;
		};
/* End PBXHeadersBuildPhase section */

/* Begin PBXNativeTarget section */
		BA79307620AC0756002A7CE4 /* artify-core */ = {
			isa = PBXNativeTarget;
			buildConfigurationList = BA79308B20AC0756002A7CE4 /* Build configuration list for PBXNativeTarget "artify-core" */;
			buildPhases = (
				1CA3419E279BB1ECAB255436 /* [CP] Check Pods Manifest.lock */,
				BA79307220AC0756002A7CE4 /* Sources */,
				BA79307320AC0756002A7CE4 /* Frameworks */,
				BA79307420AC0756002A7CE4 /* Headers */,
				BA79307520AC0756002A7CE4 /* Resources */,
			);
			buildRules = (
			);
			dependencies = (
			);
			name = "artify-core";
			productName = "artify-core";
			productReference = BA79307720AC0756002A7CE4 /* artify_core.framework */;
			productType = "com.apple.product-type.framework";
		};
		BA79307F20AC0756002A7CE4 /* artify-coreTests */ = {
			isa = PBXNativeTarget;
			buildConfigurationList = BA79308E20AC0756002A7CE4 /* Build configuration list for PBXNativeTarget "artify-coreTests" */;
			buildPhases = (
				BA79307C20AC0756002A7CE4 /* Sources */,
				BA79307D20AC0756002A7CE4 /* Frameworks */,
				BA79307E20AC0756002A7CE4 /* Resources */,
			);
			buildRules = (
			);
			dependencies = (
				BA79308320AC0756002A7CE4 /* PBXTargetDependency */,
			);
			name = "artify-coreTests";
			productName = "artify-coreTests";
			productReference = BA79308020AC0756002A7CE4 /* artify-coreTests.xctest */;
			productType = "com.apple.product-type.bundle.unit-test";
		};
/* End PBXNativeTarget section */

/* Begin PBXProject section */
		BA79306E20AC0756002A7CE4 /* Project object */ = {
			isa = PBXProject;
			attributes = {
				LastSwiftUpdateCheck = 0930;
				LastUpgradeCheck = 0940;
				ORGANIZATIONNAME = com.art.artify.core;
				TargetAttributes = {
					BA79307620AC0756002A7CE4 = {
						CreatedOnToolsVersion = 9.3;
						LastSwiftMigration = 0930;
					};
					BA79307F20AC0756002A7CE4 = {
						CreatedOnToolsVersion = 9.3;
					};
				};
			};
			buildConfigurationList = BA79307120AC0756002A7CE4 /* Build configuration list for PBXProject "artify-core" */;
			compatibilityVersion = "Xcode 9.3";
			developmentRegion = en;
			hasScannedForEncodings = 0;
			knownRegions = (
				en,
			);
			mainGroup = BA79306D20AC0756002A7CE4;
			productRefGroup = BA79307820AC0756002A7CE4 /* Products */;
			projectDirPath = "";
			projectRoot = "";
			targets = (
				BA79307620AC0756002A7CE4 /* artify-core */,
				BA79307F20AC0756002A7CE4 /* artify-coreTests */,
			);
		};
/* End PBXProject section */

/* Begin PBXResourcesBuildPhase section */
		BA79307520AC0756002A7CE4 /* Resources */ = {
			isa = PBXResourcesBuildPhase;
			buildActionMask = 2147483647;
			files = (
			);
			runOnlyForDeploymentPostprocessing = 0;
		};
		BA79307E20AC0756002A7CE4 /* Resources */ = {
			isa = PBXResourcesBuildPhase;
			buildActionMask = 2147483647;
			files = (
			);
			runOnlyForDeploymentPostprocessing = 0;
		};
/* End PBXResourcesBuildPhase section */

/* Begin PBXShellScriptBuildPhase section */
		1CA3419E279BB1ECAB255436 /* [CP] Check Pods Manifest.lock */ = {
			isa = PBXShellScriptBuildPhase;
			buildActionMask = 2147483647;
			files = (
			);
			inputPaths = (
				"${PODS_PODFILE_DIR_PATH}/Podfile.lock",
				"${PODS_ROOT}/Manifest.lock",
			);
			name = "[CP] Check Pods Manifest.lock";
			outputPaths = (
				"$(DERIVED_FILE_DIR)/Pods-artify-core-checkManifestLockResult.txt",
			);
			runOnlyForDeploymentPostprocessing = 0;
			shellPath = /bin/sh;
			shellScript = "diff \"${PODS_PODFILE_DIR_PATH}/Podfile.lock\" \"${PODS_ROOT}/Manifest.lock\" > /dev/null\nif [ $? != 0 ] ; then\n    # print error to STDERR\n    echo \"error: The sandbox is not in sync with the Podfile.lock. Run 'pod install' or update your CocoaPods installation.\" >&2\n    exit 1\nfi\n# This output is used by Xcode 'outputs' to avoid re-running this script phase.\necho \"SUCCESS\" > \"${SCRIPT_OUTPUT_FILE_0}\"\n";
			showEnvVarsInLog = 0;
		};
/* End PBXShellScriptBuildPhase section */

/* Begin PBXSourcesBuildPhase section */
		BA79307220AC0756002A7CE4 /* Sources */ = {
			isa = PBXSourcesBuildPhase;
			buildActionMask = 2147483647;
			files = (
				BAC0B75C20C124FE00FF4FDF /* DownloadPayload.swift in Sources */,
				BA4CDA6A20B15F2200D19C3D /* Models+RxSwift.swift in Sources */,
				BA4CDA6320B1563400D19C3D /* Photo.swift in Sources */,
				BA4CDA6E20B2710C00D19C3D /* ArtifyError.swift in Sources */,
				BAC0BC3B20BA9A690092A541 /* FileManager.swift in Sources */,
				BAC0B75E20C125DE00FF4FDF /* WallpaperPayload.swift in Sources */,
				BA6DF61420BD32B6006DBF9F /* NSImage+Scale.swift in Sources */,
				BA6DF61120BD31CB006DBF9F /* NSImage+CGImage.m in Sources */,
				BAC0B75820C11BC800FF4FDF /* Observable+Extension.swift in Sources */,
				BA947A1420BBBE5B00DBD94D /* WallpaperService.swift in Sources */,
				BA4CDA5C20B14AA000D19C3D /* NetworkService.swift in Sources */,
				BA4CDA5820B13FA700D19C3D /* Coordinator.swift in Sources */,
				BAC0B75A20C11D9500FF4FDF /* FilePayload.swift in Sources */,
				BA4CDA6720B15CF400D19C3D /* DownloadService.swift in Sources */,
				BA947A1920BBDFFB00DBD94D /* GenerationAlgorithm.swift in Sources */,
				BAC0B74420C0338000FF4FDF /* AppInfo.swift in Sources */,
				BA6DF61620BD32D6006DBF9F /* NSImage+Extenstion.swift in Sources */,
				BA79835620CF778E00DE2828 /* AppUpdater.swift in Sources */,
				BAEB942D20C2761E0048F18B /* Setting.swift in Sources */,
				BA6DF60C20BD316C006DBF9F /* GaussianEffect.m in Sources */,
				BA4CDA6C20B1648D00D19C3D /* APIResponse.swift in Sources */,
				BA947A1620BBCBAC00DBD94D /* String+Encoding.swift in Sources */,
				BA4CDA6520B1564300D19C3D /* Author.swift in Sources */,
				BAC02E7A20C6693D00CADB25 /* Dictionary+Extension.swift in Sources */,
				BA6DF61820BD38F0006DBF9F /* GaussianData.swift in Sources */,
				BA4CDA5E20B14AD600D19C3D /* ArtifyCoreAPI.swift in Sources */,
				BA4CDA6120B14B9600D19C3D /* Environment.swift in Sources */,
				BA6DF64120BD7374006DBF9F /* WallpaperProcessor.swift in Sources */,
				BA947A1B20BBE18400DBD94D /* GaussianAlgorithm.swift in Sources */,
				BAF1EE8020C501F200692AA7 /* TrackingService.swift in Sources */,
				BAEB942C20C2761E0048F18B /* LaunchOnStartup.swift in Sources */,
				BAF1EE8620C5077900692AA7 /* TrackingParameter.swift in Sources */,
				BAC0B76020C129C700FF4FDF /* CGSize+String.swift in Sources */,
				BA4CDA5620B13E9200D19C3D /* Menu.swift in Sources */,
				BA4CDA5320B13E3C00D19C3D /* StatusBarViewModel.swift in Sources */,
				BAA2560A20AC5B6300BBA837 /* HomeViewModel.swift in Sources */,
			);
			runOnlyForDeploymentPostprocessing = 0;
		};
		BA79307C20AC0756002A7CE4 /* Sources */ = {
			isa = PBXSourcesBuildPhase;
			buildActionMask = 2147483647;
			files = (
				BA79308620AC0756002A7CE4 /* artify_coreTests.swift in Sources */,
			);
			runOnlyForDeploymentPostprocessing = 0;
		};
/* End PBXSourcesBuildPhase section */

/* Begin PBXTargetDependency section */
		BA79308320AC0756002A7CE4 /* PBXTargetDependency */ = {
			isa = PBXTargetDependency;
			target = BA79307620AC0756002A7CE4 /* artify-core */;
			targetProxy = BA79308220AC0756002A7CE4 /* PBXContainerItemProxy */;
		};
/* End PBXTargetDependency section */

/* Begin XCBuildConfiguration section */
		BA79308920AC0756002A7CE4 /* Debug */ = {
			isa = XCBuildConfiguration;
			buildSettings = {
				ALWAYS_SEARCH_USER_PATHS = NO;
				CLANG_ANALYZER_NONNULL = YES;
				CLANG_ANALYZER_NUMBER_OBJECT_CONVERSION = YES_AGGRESSIVE;
				CLANG_CXX_LANGUAGE_STANDARD = "gnu++14";
				CLANG_CXX_LIBRARY = "libc++";
				CLANG_ENABLE_MODULES = YES;
				CLANG_ENABLE_OBJC_ARC = YES;
				CLANG_ENABLE_OBJC_WEAK = YES;
				CLANG_WARN_BLOCK_CAPTURE_AUTORELEASING = YES;
				CLANG_WARN_BOOL_CONVERSION = YES;
				CLANG_WARN_COMMA = YES;
				CLANG_WARN_CONSTANT_CONVERSION = YES;
				CLANG_WARN_DEPRECATED_OBJC_IMPLEMENTATIONS = YES;
				CLANG_WARN_DIRECT_OBJC_ISA_USAGE = YES_ERROR;
				CLANG_WARN_DOCUMENTATION_COMMENTS = YES;
				CLANG_WARN_EMPTY_BODY = YES;
				CLANG_WARN_ENUM_CONVERSION = YES;
				CLANG_WARN_INFINITE_RECURSION = YES;
				CLANG_WARN_INT_CONVERSION = YES;
				CLANG_WARN_NON_LITERAL_NULL_CONVERSION = YES;
				CLANG_WARN_OBJC_IMPLICIT_RETAIN_SELF = YES;
				CLANG_WARN_OBJC_LITERAL_CONVERSION = YES;
				CLANG_WARN_OBJC_ROOT_CLASS = YES_ERROR;
				CLANG_WARN_RANGE_LOOP_ANALYSIS = YES;
				CLANG_WARN_STRICT_PROTOTYPES = YES;
				CLANG_WARN_SUSPICIOUS_MOVE = YES;
				CLANG_WARN_UNGUARDED_AVAILABILITY = YES_AGGRESSIVE;
				CLANG_WARN_UNREACHABLE_CODE = YES;
				CLANG_WARN__DUPLICATE_METHOD_MATCH = YES;
				CODE_SIGN_IDENTITY = "-";
				COPY_PHASE_STRIP = NO;
				CURRENT_PROJECT_VERSION = 1;
				DEBUG_INFORMATION_FORMAT = dwarf;
				ENABLE_STRICT_OBJC_MSGSEND = YES;
				ENABLE_TESTABILITY = YES;
				GCC_C_LANGUAGE_STANDARD = gnu11;
				GCC_DYNAMIC_NO_PIC = NO;
				GCC_NO_COMMON_BLOCKS = YES;
				GCC_OPTIMIZATION_LEVEL = 0;
				GCC_PREPROCESSOR_DEFINITIONS = (
					"DEBUG=1",
					"$(inherited)",
				);
				GCC_WARN_64_TO_32_BIT_CONVERSION = YES;
				GCC_WARN_ABOUT_RETURN_TYPE = YES_ERROR;
				GCC_WARN_UNDECLARED_SELECTOR = YES;
				GCC_WARN_UNINITIALIZED_AUTOS = YES_AGGRESSIVE;
				GCC_WARN_UNUSED_FUNCTION = YES;
				GCC_WARN_UNUSED_VARIABLE = YES;
				MACOSX_DEPLOYMENT_TARGET = 10.11;
				MTL_ENABLE_DEBUG_INFO = YES;
				ONLY_ACTIVE_ARCH = YES;
				SDKROOT = macosx;
				SWIFT_ACTIVE_COMPILATION_CONDITIONS = DEBUG;
				SWIFT_OPTIMIZATION_LEVEL = "-Onone";
				VERSIONING_SYSTEM = "apple-generic";
				VERSION_INFO_PREFIX = "";
			};
			name = Debug;
		};
		BA79308A20AC0756002A7CE4 /* Release */ = {
			isa = XCBuildConfiguration;
			buildSettings = {
				ALWAYS_SEARCH_USER_PATHS = NO;
				CLANG_ANALYZER_NONNULL = YES;
				CLANG_ANALYZER_NUMBER_OBJECT_CONVERSION = YES_AGGRESSIVE;
				CLANG_CXX_LANGUAGE_STANDARD = "gnu++14";
				CLANG_CXX_LIBRARY = "libc++";
				CLANG_ENABLE_MODULES = YES;
				CLANG_ENABLE_OBJC_ARC = YES;
				CLANG_ENABLE_OBJC_WEAK = YES;
				CLANG_WARN_BLOCK_CAPTURE_AUTORELEASING = YES;
				CLANG_WARN_BOOL_CONVERSION = YES;
				CLANG_WARN_COMMA = YES;
				CLANG_WARN_CONSTANT_CONVERSION = YES;
				CLANG_WARN_DEPRECATED_OBJC_IMPLEMENTATIONS = YES;
				CLANG_WARN_DIRECT_OBJC_ISA_USAGE = YES_ERROR;
				CLANG_WARN_DOCUMENTATION_COMMENTS = YES;
				CLANG_WARN_EMPTY_BODY = YES;
				CLANG_WARN_ENUM_CONVERSION = YES;
				CLANG_WARN_INFINITE_RECURSION = YES;
				CLANG_WARN_INT_CONVERSION = YES;
				CLANG_WARN_NON_LITERAL_NULL_CONVERSION = YES;
				CLANG_WARN_OBJC_IMPLICIT_RETAIN_SELF = YES;
				CLANG_WARN_OBJC_LITERAL_CONVERSION = YES;
				CLANG_WARN_OBJC_ROOT_CLASS = YES_ERROR;
				CLANG_WARN_RANGE_LOOP_ANALYSIS = YES;
				CLANG_WARN_STRICT_PROTOTYPES = YES;
				CLANG_WARN_SUSPICIOUS_MOVE = YES;
				CLANG_WARN_UNGUARDED_AVAILABILITY = YES_AGGRESSIVE;
				CLANG_WARN_UNREACHABLE_CODE = YES;
				CLANG_WARN__DUPLICATE_METHOD_MATCH = YES;
				CODE_SIGN_IDENTITY = "-";
				COPY_PHASE_STRIP = NO;
				CURRENT_PROJECT_VERSION = 1;
				DEBUG_INFORMATION_FORMAT = "dwarf-with-dsym";
				ENABLE_NS_ASSERTIONS = NO;
				ENABLE_STRICT_OBJC_MSGSEND = YES;
				GCC_C_LANGUAGE_STANDARD = gnu11;
				GCC_NO_COMMON_BLOCKS = YES;
				GCC_WARN_64_TO_32_BIT_CONVERSION = YES;
				GCC_WARN_ABOUT_RETURN_TYPE = YES_ERROR;
				GCC_WARN_UNDECLARED_SELECTOR = YES;
				GCC_WARN_UNINITIALIZED_AUTOS = YES_AGGRESSIVE;
				GCC_WARN_UNUSED_FUNCTION = YES;
				GCC_WARN_UNUSED_VARIABLE = YES;
				MACOSX_DEPLOYMENT_TARGET = 10.11;
				MTL_ENABLE_DEBUG_INFO = NO;
				SDKROOT = macosx;
				SWIFT_COMPILATION_MODE = wholemodule;
				SWIFT_OPTIMIZATION_LEVEL = "-O";
				VERSIONING_SYSTEM = "apple-generic";
				VERSION_INFO_PREFIX = "";
			};
			name = Release;
		};
		BA79308C20AC0756002A7CE4 /* Debug */ = {
			isa = XCBuildConfiguration;
			baseConfigurationReference = 3FB3468F5B8AC035B1211CF5 /* Pods-artify-core.debug.xcconfig */;
			buildSettings = {
				CLANG_ALLOW_NON_MODULAR_INCLUDES_IN_FRAMEWORK_MODULES = NO;
				CLANG_ENABLE_MODULES = YES;
				CODE_SIGN_IDENTITY = "";
				CODE_SIGN_STYLE = Automatic;
				COMBINE_HIDPI_IMAGES = YES;
				DEFINES_MODULE = YES;
				DEVELOPMENT_TEAM = D54Y88Y9CY;
				DYLIB_COMPATIBILITY_VERSION = 1;
				DYLIB_CURRENT_VERSION = 1;
				DYLIB_INSTALL_NAME_BASE = "@rpath";
				FRAMEWORK_SEARCH_PATHS = (
					"$(inherited)",
					"$(PROJECT_DIR)",
				);
				FRAMEWORK_VERSION = A;
				INFOPLIST_FILE = "artify-core/Info.plist";
				INSTALL_PATH = "$(LOCAL_LIBRARY_DIR)/Frameworks";
				LD_RUNPATH_SEARCH_PATHS = (
					"$(inherited)",
					"@executable_path/../Frameworks",
					"@loader_path/Frameworks",
				);
				MACOSX_DEPLOYMENT_TARGET = 10.11;
				PRODUCT_BUNDLE_IDENTIFIER = "com.art.artify-core";
				PRODUCT_NAME = "$(TARGET_NAME:c99extidentifier)";
				SKIP_INSTALL = YES;
				SWIFT_OBJC_BRIDGING_HEADER = "";
				SWIFT_OPTIMIZATION_LEVEL = "-Onone";
				SWIFT_VERSION = 4.0;
			};
			name = Debug;
		};
		BA79308D20AC0756002A7CE4 /* Release */ = {
			isa = XCBuildConfiguration;
			baseConfigurationReference = 7C4B613A9F337A747661A5A4 /* Pods-artify-core.release.xcconfig */;
			buildSettings = {
				CLANG_ALLOW_NON_MODULAR_INCLUDES_IN_FRAMEWORK_MODULES = NO;
				CLANG_ENABLE_MODULES = YES;
				CODE_SIGN_IDENTITY = "";
				CODE_SIGN_STYLE = Automatic;
				COMBINE_HIDPI_IMAGES = YES;
				DEFINES_MODULE = YES;
				DEVELOPMENT_TEAM = D54Y88Y9CY;
				DYLIB_COMPATIBILITY_VERSION = 1;
				DYLIB_CURRENT_VERSION = 1;
				DYLIB_INSTALL_NAME_BASE = "@rpath";
				FRAMEWORK_SEARCH_PATHS = (
					"$(inherited)",
					"$(PROJECT_DIR)",
				);
				FRAMEWORK_VERSION = A;
				INFOPLIST_FILE = "artify-core/Info.plist";
				INSTALL_PATH = "$(LOCAL_LIBRARY_DIR)/Frameworks";
				LD_RUNPATH_SEARCH_PATHS = (
					"$(inherited)",
					"@executable_path/../Frameworks",
					"@loader_path/Frameworks",
				);
				MACOSX_DEPLOYMENT_TARGET = 10.11;
				PRODUCT_BUNDLE_IDENTIFIER = "com.art.artify-core";
				PRODUCT_NAME = "$(TARGET_NAME:c99extidentifier)";
				SKIP_INSTALL = YES;
				SWIFT_OBJC_BRIDGING_HEADER = "";
				SWIFT_VERSION = 4.0;
			};
			name = Release;
		};
		BA79308F20AC0756002A7CE4 /* Debug */ = {
			isa = XCBuildConfiguration;
			buildSettings = {
				ALWAYS_EMBED_SWIFT_STANDARD_LIBRARIES = YES;
				CODE_SIGN_STYLE = Automatic;
				COMBINE_HIDPI_IMAGES = YES;
				INFOPLIST_FILE = "artify-coreTests/Info.plist";
				LD_RUNPATH_SEARCH_PATHS = (
					"$(inherited)",
					"@executable_path/../Frameworks",
					"@loader_path/../Frameworks",
				);
				PRODUCT_BUNDLE_IDENTIFIER = "com.art.artify-coreTests";
				PRODUCT_NAME = "$(TARGET_NAME)";
				SWIFT_VERSION = 4.0;
			};
			name = Debug;
		};
		BA79309020AC0756002A7CE4 /* Release */ = {
			isa = XCBuildConfiguration;
			buildSettings = {
				ALWAYS_EMBED_SWIFT_STANDARD_LIBRARIES = YES;
				CODE_SIGN_STYLE = Automatic;
				COMBINE_HIDPI_IMAGES = YES;
				INFOPLIST_FILE = "artify-coreTests/Info.plist";
				LD_RUNPATH_SEARCH_PATHS = (
					"$(inherited)",
					"@executable_path/../Frameworks",
					"@loader_path/../Frameworks",
				);
				PRODUCT_BUNDLE_IDENTIFIER = "com.art.artify-coreTests";
				PRODUCT_NAME = "$(TARGET_NAME)";
				SWIFT_VERSION = 4.0;
			};
			name = Release;
		};
/* End XCBuildConfiguration section */

/* Begin XCConfigurationList section */
		BA79307120AC0756002A7CE4 /* Build configuration list for PBXProject "artify-core" */ = {
			isa = XCConfigurationList;
			buildConfigurations = (
				BA79308920AC0756002A7CE4 /* Debug */,
				BA79308A20AC0756002A7CE4 /* Release */,
			);
			defaultConfigurationIsVisible = 0;
			defaultConfigurationName = Release;
		};
		BA79308B20AC0756002A7CE4 /* Build configuration list for PBXNativeTarget "artify-core" */ = {
			isa = XCConfigurationList;
			buildConfigurations = (
				BA79308C20AC0756002A7CE4 /* Debug */,
				BA79308D20AC0756002A7CE4 /* Release */,
			);
			defaultConfigurationIsVisible = 0;
			defaultConfigurationName = Release;
		};
		BA79308E20AC0756002A7CE4 /* Build configuration list for PBXNativeTarget "artify-coreTests" */ = {
			isa = XCConfigurationList;
			buildConfigurations = (
				BA79308F20AC0756002A7CE4 /* Debug */,
				BA79309020AC0756002A7CE4 /* Release */,
			);
			defaultConfigurationIsVisible = 0;
			defaultConfigurationName = Release;
		};
/* End XCConfigurationList section */
	};
	rootObject = BA79306E20AC0756002A7CE4 /* Project object */;
}
